
Microsoft Visual Studio Solution File, Format Version 12.00
# Visual Studio Version 16
VisualStudioVersion = 16.0.29230.47
MinimumVisualStudioVersion = 10.0.40219.1
Project("{FAE04EC0-301F-11D3-BF4B-00C04F79EFBC}") = "Paysorter", "Paysorter\Paysorter.csproj", "{BB579004-40DF-45CA-A709-48A6F299AEE2}"
EndProject
Global
	GlobalSection(SolutionConfigurationPlatforms) = preSolution
		Debug|Any CPU = Debug|Any CPU
		Release|Any CPU = Release|Any CPU
	EndGlobalSection
	GlobalSection(ProjectConfigurationPlatforms) = postSolution
		{BB579004-40DF-45CA-A709-48A6F299AEE2}.Debug|Any CPU.ActiveCfg = Debug|Any CPU
		{BB579004-40DF-45CA-A709-48A6F299AEE2}.Debug|Any CPU.Build.0 = Debug|Any CPU
		{BB579004-40DF-45CA-A709-48A6F299AEE2}.Release|Any CPU.ActiveCfg = Release|Any CPU
		{BB579004-40DF-45CA-A709-48A6F299AEE2}.Release|Any CPU.Build.0 = Release|Any CPU
	EndGlobalSection
	GlobalSection(SolutionProperties) = preSolution
		HideSolutionNode = FALSE
	EndGlobalSection
	GlobalSection(ExtensibilityGlobals) = postSolution
		SolutionGuid = {87C18CF4-787D-428E-BAA7-270DEB65E11E}
	EndGlobalSection
EndGlobal
