
Microsoft Visual Studio Solution File, Format Version 12.00
# Visual Studio Version 16
VisualStudioVersion = 16.0.28803.156
MinimumVisualStudioVersion = 10.0.40219.1
Project("{FAE04EC0-301F-11D3-BF4B-00C04F79EFBC}") = "Week10F", "Week10F\Week10F.csproj", "{1A8C2ED8-C76B-40BD-8DF4-94468D6B563A}"
EndProject
Global
	GlobalSection(SolutionConfigurationPlatforms) = preSolution
		Debug|Any CPU = Debug|Any CPU
		Release|Any CPU = Release|Any CPU
	EndGlobalSection
	GlobalSection(ProjectConfigurationPlatforms) = postSolution
		{1A8C2ED8-C76B-40BD-8DF4-94468D6B563A}.Debug|Any CPU.ActiveCfg = Debug|Any CPU
		{1A8C2ED8-C76B-40BD-8DF4-94468D6B563A}.Debug|Any CPU.Build.0 = Debug|Any CPU
		{1A8C2ED8-C76B-40BD-8DF4-94468D6B563A}.Release|Any CPU.ActiveCfg = Release|Any CPU
		{1A8C2ED8-C76B-40BD-8DF4-94468D6B563A}.Release|Any CPU.Build.0 = Release|Any CPU
	EndGlobalSection
	GlobalSection(SolutionProperties) = preSolution
		HideSolutionNode = FALSE
	EndGlobalSection
	GlobalSection(ExtensibilityGlobals) = postSolution
		SolutionGuid = {604C8AE8-CE58-464C-AC61-5EC19ED431CD}
	EndGlobalSection
EndGlobal
