
Microsoft Visual Studio Solution File, Format Version 12.00
# Visual Studio Version 16
VisualStudioVersion = 16.0.29230.47
MinimumVisualStudioVersion = 10.0.40219.1
Project("{FAE04EC0-301F-11D3-BF4B-00C04F79EFBC}") = "week5", "week5\week5.csproj", "{C325B042-B109-4188-9F74-E9D5240D95B7}"
EndProject
Global
	GlobalSection(SolutionConfigurationPlatforms) = preSolution
		Debug|Any CPU = Debug|Any CPU
		Release|Any CPU = Release|Any CPU
	EndGlobalSection
	GlobalSection(ProjectConfigurationPlatforms) = postSolution
		{C325B042-B109-4188-9F74-E9D5240D95B7}.Debug|Any CPU.ActiveCfg = Debug|Any CPU
		{C325B042-B109-4188-9F74-E9D5240D95B7}.Debug|Any CPU.Build.0 = Debug|Any CPU
		{C325B042-B109-4188-9F74-E9D5240D95B7}.Release|Any CPU.ActiveCfg = Release|Any CPU
		{C325B042-B109-4188-9F74-E9D5240D95B7}.Release|Any CPU.Build.0 = Release|Any CPU
	EndGlobalSection
	GlobalSection(SolutionProperties) = preSolution
		HideSolutionNode = FALSE
	EndGlobalSection
	GlobalSection(ExtensibilityGlobals) = postSolution
		SolutionGuid = {44E48D2C-002D-4F72-8DA3-49CB7725B857}
	EndGlobalSection
EndGlobal
